Microsoft Visual Studio Solution File, Format Version 11.00
# Visual Studio 2008

Project("{F48EC010-8666-D398-49A8-7DCB978B3591}") = "Crossfire", "Assembly-CSharp.csproj", "{22EC20C3-9AC2-CB50-4103-EBBE43DF7A7B}"
EndProject
Project("{F48EC010-8666-D398-49A8-7DCB978B3591}") = "Crossfire", "Assembly-CSharp-Editor.csproj", "{E5146B7C-A335-DBD5-9D74-26011F369F1C}"
EndProject
Project("{F48EC010-8666-D398-49A8-7DCB978B3591}") = "Crossfire", "Assembly-UnityScript-firstpass.unityproj", "{4391237F-3331-73DD-A957-FD3286D6C93F}"
EndProject
Project("{F48EC010-8666-D398-49A8-7DCB978B3591}") = "Crossfire", "Assembly-UnityScript.unityproj", "{C9E5F3AE-BB41-0484-E364-883F4F69376D}"
EndProject
Global
	GlobalSection(SolutionConfigurationPlatforms) = preSolution
		Debug|Any CPU = Debug|Any CPU
		Release|Any CPU = Release|Any CPU
	EndGlobalSection
	GlobalSection(ProjectConfigurationPlatforms) = postSolution
		{22EC20C3-9AC2-CB50-4103-EBBE43DF7A7B}.Debug|Any CPU.ActiveCfg = Debug|Any CPU
		{22EC20C3-9AC2-CB50-4103-EBBE43DF7A7B}.Debug|Any CPU.Build.0 = Debug|Any CPU
		{22EC20C3-9AC2-CB50-4103-EBBE43DF7A7B}.Release|Any CPU.ActiveCfg = Release|Any CPU
		{22EC20C3-9AC2-CB50-4103-EBBE43DF7A7B}.Release|Any CPU.Build.0 = Release|Any CPU
		{E5146B7C-A335-DBD5-9D74-26011F369F1C}.Debug|Any CPU.ActiveCfg = Debug|Any CPU
		{E5146B7C-A335-DBD5-9D74-26011F369F1C}.Debug|Any CPU.Build.0 = Debug|Any CPU
		{E5146B7C-A335-DBD5-9D74-26011F369F1C}.Release|Any CPU.ActiveCfg = Release|Any CPU
		{E5146B7C-A335-DBD5-9D74-26011F369F1C}.Release|Any CPU.Build.0 = Release|Any CPU
		{4391237F-3331-73DD-A957-FD3286D6C93F}.Debug|Any CPU.ActiveCfg = Debug|Any CPU
		{4391237F-3331-73DD-A957-FD3286D6C93F}.Debug|Any CPU.Build.0 = Debug|Any CPU
		{4391237F-3331-73DD-A957-FD3286D6C93F}.Release|Any CPU.ActiveCfg = Release|Any CPU
		{4391237F-3331-73DD-A957-FD3286D6C93F}.Release|Any CPU.Build.0 = Release|Any CPU
		{C9E5F3AE-BB41-0484-E364-883F4F69376D}.Debug|Any CPU.ActiveCfg = Debug|Any CPU
		{C9E5F3AE-BB41-0484-E364-883F4F69376D}.Debug|Any CPU.Build.0 = Debug|Any CPU
		{C9E5F3AE-BB41-0484-E364-883F4F69376D}.Release|Any CPU.ActiveCfg = Release|Any CPU
		{C9E5F3AE-BB41-0484-E364-883F4F69376D}.Release|Any CPU.Build.0 = Release|Any CPU
	EndGlobalSection
	GlobalSection(SolutionProperties) = preSolution
		HideSolutionNode = FALSE
	EndGlobalSection
																																			GlobalSection(MonoDevelopProperties) = preSolution
		StartupItem = Assembly-CSharp.csproj
		Policies = $0
		$0.TextStylePolicy = $1
		$1.inheritsSet = null
		$1.scope = text/x-csharp
		$0.CSharpFormattingPolicy = $2
		$2.inheritsSet = Mono
		$2.inheritsScope = text/x-csharp
		$2.scope = text/x-csharp
		$0.TextStylePolicy = $3
		$3.FileWidth = 120
		$3.TabWidth = 4
		$3.EolMarker = Unix
		$3.inheritsSet = Mono
		$3.inheritsScope = text/plain
		$3.scope = text/plain
	EndGlobalSection

EndGlobal
